# This file is automatically @generated by Cargo.
# It is not intended for manual editing.
[[package]]
name = "advapi32-sys"
version = "0.1.2"
source = "registry+https://github.com/rust-lang/crates.io-index"
dependencies = [
 "winapi 0.2.5 (registry+https://github.com/rust-lang/crates.io-index)",
 "winapi-build 0.1.1 (registry+https://github.com/rust-lang/crates.io-index)",
]

[[package]]
name = "aho-corasick"
version = "0.5.1"
source = "registry+https://github.com/rust-lang/crates.io-index"
dependencies = [
 "memchr 0.1.10 (registry+https://github.com/rust-lang/crates.io-index)",
]

[[package]]
name = "ascii"
version = "0.5.4"
source = "registry+https://github.com/rust-lang/crates.io-index"

[[package]]
name = "chrono"
version = "0.2.25"
source = "registry+https://github.com/rust-lang/crates.io-index"
dependencies = [
 "num 0.1.30 (registry+https://github.com/rust-lang/crates.io-index)",
 "time 0.1.34 (registry+https://github.com/rust-lang/crates.io-index)",
]

[[package]]
name = "chunked_transfer"
version = "0.3.1"
source = "registry+https://github.com/rust-lang/crates.io-index"

[[package]]
name = "derive_more"
version = "0.99.8"
source = "registry+https://github.com/rust-lang/crates.io-index"
dependencies = [
 "proc-macro2 1.0.18 (registry+https://github.com/rust-lang/crates.io-index)",
 "quote 1.0.7 (registry+https://github.com/rust-lang/crates.io-index)",
 "syn 1.0.33 (registry+https://github.com/rust-lang/crates.io-index)",
]

[[package]]
name = "encoding"
version = "0.2.32"
source = "registry+https://github.com/rust-lang/crates.io-index"
dependencies = [
 "encoding-index-japanese 1.20141219.5 (registry+https://github.com/rust-lang/crates.io-index)",
 "encoding-index-korean 1.20141219.5 (registry+https://github.com/rust-lang/crates.io-index)",
 "encoding-index-simpchinese 1.20141219.5 (registry+https://github.com/rust-lang/crates.io-index)",
 "encoding-index-singlebyte 1.20141219.5 (registry+https://github.com/rust-lang/crates.io-index)",
 "encoding-index-tradchinese 1.20141219.5 (registry+https://github.com/rust-lang/crates.io-index)",
]

[[package]]
name = "encoding-index-japanese"
version = "1.20141219.5"
source = "registry+https://github.com/rust-lang/crates.io-index"
dependencies = [
 "encoding_index_tests 0.1.4 (registry+https://github.com/rust-lang/crates.io-index)",
]

[[package]]
name = "encoding-index-korean"
version = "1.20141219.5"
source = "registry+https://github.com/rust-lang/crates.io-index"
dependencies = [
 "encoding_index_tests 0.1.4 (registry+https://github.com/rust-lang/crates.io-index)",
]

[[package]]
name = "encoding-index-simpchinese"
version = "1.20141219.5"
source = "registry+https://github.com/rust-lang/crates.io-index"
dependencies = [
 "encoding_index_tests 0.1.4 (registry+https://github.com/rust-lang/crates.io-index)",
]

[[package]]
name = "encoding-index-singlebyte"
version = "1.20141219.5"
source = "registry+https://github.com/rust-lang/crates.io-index"
dependencies = [
 "encoding_index_tests 0.1.4 (registry+https://github.com/rust-lang/crates.io-index)",
]

[[package]]
name = "encoding-index-tradchinese"
version = "1.20141219.5"
source = "registry+https://github.com/rust-lang/crates.io-index"
dependencies = [
 "encoding_index_tests 0.1.4 (registry+https://github.com/rust-lang/crates.io-index)",
]

[[package]]
name = "encoding_index_tests"
version = "0.1.4"
source = "registry+https://github.com/rust-lang/crates.io-index"

[[package]]
name = "getopts"
version = "0.2.19"
source = "registry+https://github.com/rust-lang/crates.io-index"
dependencies = [
 "unicode-width 0.1.5 (registry+https://github.com/rust-lang/crates.io-index)",
]

[[package]]
name = "handlebars"
version = "0.15.0"
source = "registry+https://github.com/rust-lang/crates.io-index"
dependencies = [
 "itertools 0.4.10 (registry+https://github.com/rust-lang/crates.io-index)",
 "lazy_static 0.1.15 (registry+https://github.com/rust-lang/crates.io-index)",
 "log 0.3.5 (registry+https://github.com/rust-lang/crates.io-index)",
 "num 0.1.30 (registry+https://github.com/rust-lang/crates.io-index)",
 "quick-error 0.1.4 (registry+https://github.com/rust-lang/crates.io-index)",
 "regex 0.1.55 (registry+https://github.com/rust-lang/crates.io-index)",
 "rustc-serialize 0.3.24 (registry+https://github.com/rust-lang/crates.io-index)",
]

[[package]]
name = "hermes"
version = "0.1.0"
dependencies = [
 "ascii 0.5.4 (registry+https://github.com/rust-lang/crates.io-index)",
 "chrono 0.2.25 (registry+https://github.com/rust-lang/crates.io-index)",
 "derive_more 0.99.8 (registry+https://github.com/rust-lang/crates.io-index)",
 "getopts 0.2.19 (registry+https://github.com/rust-lang/crates.io-index)",
 "handlebars 0.15.0 (registry+https://github.com/rust-lang/crates.io-index)",
 "rand 0.3.13 (registry+https://github.com/rust-lang/crates.io-index)",
 "regex 0.1.55 (registry+https://github.com/rust-lang/crates.io-index)",
 "rustc-serialize 0.3.24 (registry+https://github.com/rust-lang/crates.io-index)",
 "tiny_http 0.5.1 (registry+https://github.com/rust-lang/crates.io-index)",
]

[[package]]
name = "itertools"
version = "0.4.10"
source = "registry+https://github.com/rust-lang/crates.io-index"

[[package]]
name = "kernel32-sys"
version = "0.2.1"
source = "registry+https://github.com/rust-lang/crates.io-index"
dependencies = [
 "winapi 0.2.5 (registry+https://github.com/rust-lang/crates.io-index)",
 "winapi-build 0.1.1 (registry+https://github.com/rust-lang/crates.io-index)",
]

[[package]]
name = "lazy_static"
version = "0.1.15"
source = "registry+https://github.com/rust-lang/crates.io-index"

[[package]]
name = "libc"
version = "0.2.4"
source = "registry+https://github.com/rust-lang/crates.io-index"

[[package]]
name = "log"
version = "0.3.5"
source = "registry+https://github.com/rust-lang/crates.io-index"
dependencies = [
 "libc 0.2.4 (registry+https://github.com/rust-lang/crates.io-index)",
]

[[package]]
name = "matches"
version = "0.1.2"
source = "registry+https://github.com/rust-lang/crates.io-index"

[[package]]
name = "memchr"
version = "0.1.10"
source = "registry+https://github.com/rust-lang/crates.io-index"
dependencies = [
 "libc 0.2.4 (registry+https://github.com/rust-lang/crates.io-index)",
]

[[package]]
name = "num"
version = "0.1.30"
source = "registry+https://github.com/rust-lang/crates.io-index"
dependencies = [
 "rand 0.3.13 (registry+https://github.com/rust-lang/crates.io-index)",
 "rustc-serialize 0.3.24 (registry+https://github.com/rust-lang/crates.io-index)",
]

[[package]]
name = "proc-macro2"
version = "1.0.18"
source = "registry+https://github.com/rust-lang/crates.io-index"
dependencies = [
 "unicode-xid 0.2.1 (registry+https://github.com/rust-lang/crates.io-index)",
]

[[package]]
name = "quick-error"
version = "0.1.4"
source = "registry+https://github.com/rust-lang/crates.io-index"

[[package]]
name = "quote"
version = "1.0.7"
source = "registry+https://github.com/rust-lang/crates.io-index"
dependencies = [
 "proc-macro2 1.0.18 (registry+https://github.com/rust-lang/crates.io-index)",
]

[[package]]
name = "rand"
version = "0.3.13"
source = "registry+https://github.com/rust-lang/crates.io-index"
dependencies = [
 "advapi32-sys 0.1.2 (registry+https://github.com/rust-lang/crates.io-index)",
 "libc 0.2.4 (registry+https://github.com/rust-lang/crates.io-index)",
 "winapi 0.2.5 (registry+https://github.com/rust-lang/crates.io-index)",
]

[[package]]
name = "regex"
version = "0.1.55"
source = "registry+https://github.com/rust-lang/crates.io-index"
dependencies = [
 "aho-corasick 0.5.1 (registry+https://github.com/rust-lang/crates.io-index)",
 "memchr 0.1.10 (registry+https://github.com/rust-lang/crates.io-index)",
 "regex-syntax 0.2.5 (registry+https://github.com/rust-lang/crates.io-index)",
 "utf8-ranges 0.1.3 (registry+https://github.com/rust-lang/crates.io-index)",
]

[[package]]
name = "regex-syntax"
version = "0.2.5"
source = "registry+https://github.com/rust-lang/crates.io-index"

[[package]]
name = "rustc-serialize"
version = "0.3.24"
source = "registry+https://github.com/rust-lang/crates.io-index"

[[package]]
name = "syn"
version = "1.0.33"
source = "registry+https://github.com/rust-lang/crates.io-index"
dependencies = [
 "proc-macro2 1.0.18 (registry+https://github.com/rust-lang/crates.io-index)",
 "quote 1.0.7 (registry+https://github.com/rust-lang/crates.io-index)",
 "unicode-xid 0.2.1 (registry+https://github.com/rust-lang/crates.io-index)",
]

[[package]]
name = "time"
version = "0.1.34"
source = "registry+https://github.com/rust-lang/crates.io-index"
dependencies = [
 "kernel32-sys 0.2.1 (registry+https://github.com/rust-lang/crates.io-index)",
 "libc 0.2.4 (registry+https://github.com/rust-lang/crates.io-index)",
 "winapi 0.2.5 (registry+https://github.com/rust-lang/crates.io-index)",
]

[[package]]
name = "tiny_http"
version = "0.5.1"
source = "registry+https://github.com/rust-lang/crates.io-index"
dependencies = [
 "ascii 0.5.4 (registry+https://github.com/rust-lang/crates.io-index)",
 "chrono 0.2.25 (registry+https://github.com/rust-lang/crates.io-index)",
 "chunked_transfer 0.3.1 (registry+https://github.com/rust-lang/crates.io-index)",
 "encoding 0.2.32 (registry+https://github.com/rust-lang/crates.io-index)",
 "rustc-serialize 0.3.24 (registry+https://github.com/rust-lang/crates.io-index)",
 "url 0.2.38 (registry+https://github.com/rust-lang/crates.io-index)",
]

[[package]]
name = "unicode-width"
version = "0.1.5"
source = "registry+https://github.com/rust-lang/crates.io-index"

[[package]]
name = "unicode-xid"
version = "0.2.1"
source = "registry+https://github.com/rust-lang/crates.io-index"

[[package]]
name = "url"
version = "0.2.38"
source = "registry+https://github.com/rust-lang/crates.io-index"
dependencies = [
 "matches 0.1.2 (registry+https://github.com/rust-lang/crates.io-index)",
 "rustc-serialize 0.3.24 (registry+https://github.com/rust-lang/crates.io-index)",
 "uuid 0.1.18 (registry+https://github.com/rust-lang/crates.io-index)",
]

[[package]]
name = "utf8-ranges"
version = "0.1.3"
source = "registry+https://github.com/rust-lang/crates.io-index"

[[package]]
name = "uuid"
version = "0.1.18"
source = "registry+https://github.com/rust-lang/crates.io-index"
dependencies = [
 "rand 0.3.13 (registry+https://github.com/rust-lang/crates.io-index)",
 "rustc-serialize 0.3.24 (registry+https://github.com/rust-lang/crates.io-index)",
]

[[package]]
name = "winapi"
version = "0.2.5"
source = "registry+https://github.com/rust-lang/crates.io-index"

[[package]]
name = "winapi-build"
version = "0.1.1"
source = "registry+https://github.com/rust-lang/crates.io-index"

[metadata]
"checksum advapi32-sys 0.1.2 (registry+https://github.com/rust-lang/crates.io-index)" = "307c92332867e586720c0222ee9d890bbe8431711efed8a1b06bc5b40fc66bd7"
"checksum aho-corasick 0.5.1 (registry+https://github.com/rust-lang/crates.io-index)" = "67077478f0a03952bed2e6786338d400d40c25e9836e08ad50af96607317fd03"
"checksum ascii 0.5.4 (registry+https://github.com/rust-lang/crates.io-index)" = "cf6321593ca5d3390f05c13336052256d1e82a8f981344384fb746ba10b8cb3e"
"checksum chrono 0.2.25 (registry+https://github.com/rust-lang/crates.io-index)" = "9213f7cd7c27e95c2b57c49f0e69b1ea65b27138da84a170133fd21b07659c00"
"checksum chunked_transfer 0.3.1 (registry+https://github.com/rust-lang/crates.io-index)" = "498d20a7aaf62625b9bf26e637cf7736417cde1d0c99f1d04d1170229a85cf87"
"checksum derive_more 0.99.8 (registry+https://github.com/rust-lang/crates.io-index)" = "bc655351f820d774679da6cdc23355a93de496867d8203496675162e17b1d671"
"checksum encoding 0.2.32 (registry+https://github.com/rust-lang/crates.io-index)" = "1119ca1c88774efeed1a7926958e212e02af7437bdeab8520dbc7aa1abde3026"
"checksum encoding-index-japanese 1.20141219.5 (registry+https://github.com/rust-lang/crates.io-index)" = "04e8b2ff42e9a05335dbf8b5c6f7567e5591d0d916ccef4e0b1710d32a0d0c91"
"checksum encoding-index-korean 1.20141219.5 (registry+https://github.com/rust-lang/crates.io-index)" = "4dc33fb8e6bcba213fe2f14275f0963fd16f0a02c878e3095ecfdf5bee529d81"
"checksum encoding-index-simpchinese 1.20141219.5 (registry+https://github.com/rust-lang/crates.io-index)" = "d87a7194909b9118fc707194baa434a4e3b0fb6a5a757c73c3adb07aa25031f7"
"checksum encoding-index-singlebyte 1.20141219.5 (registry+https://github.com/rust-lang/crates.io-index)" = "3351d5acffb224af9ca265f435b859c7c01537c0849754d3db3fdf2bfe2ae84a"
"checksum encoding-index-tradchinese 1.20141219.5 (registry+https://github.com/rust-lang/crates.io-index)" = "fd0e20d5688ce3cab59eb3ef3a2083a5c77bf496cb798dc6fcdb75f323890c18"
"checksum encoding_index_tests 0.1.4 (registry+https://github.com/rust-lang/crates.io-index)" = "a246d82be1c9d791c5dfde9a2bd045fc3cbba3fa2b11ad558f27d01712f00569"
"checksum getopts 0.2.19 (registry+https://github.com/rust-lang/crates.io-index)" = "72327b15c228bfe31f1390f93dd5e9279587f0463836393c9df719ce62a3e450"
"checksum handlebars 0.15.0 (registry+https://github.com/rust-lang/crates.io-index)" = "1a9dc45b170f22414af1c61213b95599ea871a2d1e3ba3cef8130df96931b8b7"
"checksum itertools 0.4.10 (registry+https://github.com/rust-lang/crates.io-index)" = "06ecc33bd1bbe0acc7775780a61301dd72eeaff8bfe22449a8ecc76bccfb89e0"
"checksum kernel32-sys 0.2.1 (registry+https://github.com/rust-lang/crates.io-index)" = "b5b5e7edf375e6d26243bde172f1d5ed1446f4a766fc9b7006e1fd27258243f1"
"checksum lazy_static 0.1.15 (registry+https://github.com/rust-lang/crates.io-index)" = "547fd11b0400fbab39f7a6df53c648cfb01b977233015d9e0784d595a5a6c449"
"checksum libc 0.2.4 (registry+https://github.com/rust-lang/crates.io-index)" = "10569e57695cc2c91ca4214357907649c9e242dc822c9ae623d0e0b0d68aa4d9"
"checksum log 0.3.5 (registry+https://github.com/rust-lang/crates.io-index)" = "038b5d13189a14e5b6ac384fdb7c691a45ef0885f6d2dddbf422e6c3506b8234"
"checksum matches 0.1.2 (registry+https://github.com/rust-lang/crates.io-index)" = "15305656809ce5a4805b1ff2946892810992197ce1270ff79baded852187942e"
"checksum memchr 0.1.10 (registry+https://github.com/rust-lang/crates.io-index)" = "c98adb597263e245c6ffe48dc50d338b51acb8cc53e8e7b3e9c21f53c0a411cb"
"checksum num 0.1.30 (registry+https://github.com/rust-lang/crates.io-index)" = "29a08e74b98b17d5e321c2026fe554777b31904b2da0f9333b80cefc99f0b5ae"
"checksum proc-macro2 1.0.18 (registry+https://github.com/rust-lang/crates.io-index)" = "beae6331a816b1f65d04c45b078fd8e6c93e8071771f41b8163255bbd8d7c8fa"
"checksum quick-error 0.1.4 (registry+https://github.com/rust-lang/crates.io-index)" = "5fb6ccf8db7bbcb9c2eae558db5ab4f3da1c2a87e4e597ed394726bc8ea6ca1d"
"checksum quote 1.0.7 (registry+https://github.com/rust-lang/crates.io-index)" = "aa563d17ecb180e500da1cfd2b028310ac758de548efdd203e18f283af693f37"
"checksum rand 0.3.13 (registry+https://github.com/rust-lang/crates.io-index)" = "2416b8bbd96336311c2ff9e6fca7338cc76a57a235d7a153aee88928a06b3657"
"checksum regex 0.1.55 (registry+https://github.com/rust-lang/crates.io-index)" = "6bac9eb930e370cda5a919cf45997527313fece117a55acfa437cfb66cd77e00"
"checksum regex-syntax 0.2.5 (registry+https://github.com/rust-lang/crates.io-index)" = "4ff684322f94961c686d3a5a167a7c403afd953061f9fecea0a63ac1b1809e93"
"checksum rustc-serialize 0.3.24 (registry+https://github.com/rust-lang/crates.io-index)" = "dcf128d1287d2ea9d80910b5f1120d0b8eede3fbf1abe91c40d39ea7d51e6fda"
"checksum syn 1.0.33 (registry+https://github.com/rust-lang/crates.io-index)" = "e8d5d96e8cbb005d6959f119f773bfaebb5684296108fb32600c00cde305b2cd"
"checksum time 0.1.34 (registry+https://github.com/rust-lang/crates.io-index)" = "8c4aeaa1c95974f5763c3a5ac0db95a19793589bcea5d22e161b5587e3aad029"
"checksum tiny_http 0.5.1 (registry+https://github.com/rust-lang/crates.io-index)" = "ed83319932b33238fbf1d9f7de271feddbdd68e85714447e1a9239d2739d9e81"
"checksum unicode-width 0.1.5 (registry+https://github.com/rust-lang/crates.io-index)" = "882386231c45df4700b275c7ff55b6f3698780a650026380e72dabe76fa46526"
"checksum unicode-xid 0.2.1 (registry+https://github.com/rust-lang/crates.io-index)" = "f7fe0bb3479651439c9112f72b6c505038574c9fbb575ed1bf3b797fa39dd564"
"checksum url 0.2.38 (registry+https://github.com/rust-lang/crates.io-index)" = "cbaa8377a162d88e7d15db0cf110c8523453edcbc5bc66d2b6fffccffa34a068"
"checksum utf8-ranges 0.1.3 (registry+https://github.com/rust-lang/crates.io-index)" = "a1ca13c08c41c9c3e04224ed9ff80461d97e121589ff27c753a16cb10830ae0f"
"checksum uuid 0.1.18 (registry+https://github.com/rust-lang/crates.io-index)" = "78c590b5bd79ed10aad8fb75f078a59d8db445af6c743e55c4a53227fc01c13f"
"checksum winapi 0.2.5 (registry+https://github.com/rust-lang/crates.io-index)" = "dc3583688b861fcd83c2823d37cf2cd2446c233dd7ba3f97884d1a7302817537"
"checksum winapi-build 0.1.1 (registry+https://github.com/rust-lang/crates.io-index)" = "2d315eee3b34aca4797b2da6b13ed88266e6d612562a0c46390af8299fc699bc"
